{
  "name": "ed25519-blake3",
  "version": "1.0.0",
  "lockfileVersion": 2,
  "requires": true,
  "packages": {
    "": {
      "name": "ed25519-blake3",
      "version": "1.0.0",
      "license": "ISC",
      "dependencies": {
        "@noble/ed25519": "^1.3.0",
        "blake3": "^2.1.7",
        "blake3-wasm": "^2.1.5"
      }
    },
    "node_modules/@noble/ed25519": {
      "version": "1.3.0",
      "resolved": "https://registry.npmjs.org/@noble/ed25519/-/ed25519-1.3.0.tgz",
      "integrity": "sha512-k6ddjHcmfHF5LoZRv2j7WktgY8C8lzAqiu5ukWfGIlPUlpLn1tn1pfILXaXHY1DCG0s3qvGM1SluLtVpckWwMA=="
    },
    "node_modules/blake3": {
      "version": "2.1.7",
      "resolved": "https://registry.npmjs.org/blake3/-/blake3-2.1.7.tgz",
      "integrity": "sha512-5d+TdKJvju96IyEaGJ0eO6CHbckWi+NBrCezGYM/WsnI3R03aLL2TWfsuZSh1rs0fTv/L3ps/r0vykjYurcIwA==",
      "hasInstallScript": true
    },
    "node_modules/blake3-wasm": {
      "version": "2.1.5",
      "resolved": "https://registry.npmjs.org/blake3-wasm/-/blake3-wasm-2.1.5.tgz",
      "integrity": "sha512-F1+K8EbfOZE49dtoPtmxUQrpXaBIl3ICvasLh+nJta0xkz+9kF/7uet9fLnwKqhDrmj6g+6K3Tw9yQPUg2ka5g=="
    }
  },
  "dependencies": {
    "@noble/ed25519": {
      "version": "1.3.0",
      "resolved": "https://registry.npmjs.org/@noble/ed25519/-/ed25519-1.3.0.tgz",
      "integrity": "sha512-k6ddjHcmfHF5LoZRv2j7WktgY8C8lzAqiu5ukWfGIlPUlpLn1tn1pfILXaXHY1DCG0s3qvGM1SluLtVpckWwMA=="
    },
    "blake3": {
      "version": "2.1.7",
      "resolved": "https://registry.npmjs.org/blake3/-/blake3-2.1.7.tgz",
      "integrity": "sha512-5d+TdKJvju96IyEaGJ0eO6CHbckWi+NBrCezGYM/WsnI3R03aLL2TWfsuZSh1rs0fTv/L3ps/r0vykjYurcIwA=="
    },
    "blake3-wasm": {
      "version": "2.1.5",
      "resolved": "https://registry.npmjs.org/blake3-wasm/-/blake3-wasm-2.1.5.tgz",
      "integrity": "sha512-F1+K8EbfOZE49dtoPtmxUQrpXaBIl3ICvasLh+nJta0xkz+9kF/7uet9fLnwKqhDrmj6g+6K3Tw9yQPUg2ka5g=="
    }
  }
}
